git.sr.ht/~rockorager/vaxis v0.14.0 h1:Z+DOcP6ZyzqJEiXgTA55VxxzcKARFsgaf8koUxONPYg=
git.sr.ht/~rockorager/vaxis v0.14.0/go.mod h1:h94aKek3frIV1hJbdXjqnBqaLkbWXvV+UxAsQHg9bns=
github.com/BurntSushi/toml v1.5.0 h1:W5quZX/G/csjUnuI8SUYlsHs9M38FC7znL0lIO+DvMg=
github.com/BurntSushi/toml v1.5.0/go.mod h1:ukJfTF/6rtPPRCnwkur4qwRxa8vTRFBF0uk2lLoLwho=
github.com/containerd/console v1.0.5 h1:R0ymNeydRqH2DmakFNdmjR2k0t7UPuiOV/N/27/qqsc=
github.com/containerd/console v1.0.5/go.mod h1:YynlIjWYF8myEu6sdkwKIvGQq+cOckRm6So2avqoYAk=
github.com/davecgh/go-spew v1.1.1 h1:vj9j/u1bqnvCEfJOwUhtlOARqs3+rkHYY13jYWTU97c=
github.com/davecgh/go-spew v1.1.1/go.mod h1:J7Y8YcW2NihsgmVo/mv3lAwl/skON4iLHjSsI+c5H38=
github.com/mattn/go-runewidth v0.0.16 h1:E5ScNMtiwvlvB5paMFdw9p4kSQzbXFikJ5SQO6TULQc=
github.com/mattn/go-runewidth v0.0.16/go.mod h1:Jdepj2loyihRzMpdS35Xk/zdY8IAYHsh153qUoGf23w=
github.com/mattn/go-sixel v0.0.5 h1:55w2FR5ncuhKhXrM5ly1eiqMQfZsnAHIpYNGZX03Cv8=
github.com/mattn/go-sixel v0.0.5/go.mod h1:h2Sss+DiUEHy0pUqcIB6PFXo5Cy8sTQEFr3a9/5ZLNw=
github.com/pmezard/go-difflib v1.0.0 h1:4DBwDE0NGyQoBHbLQYPwSUPoCMWR5BEzIk/f1lZbAQM=
github.com/pmezard/go-difflib v1.0.0/go.mod h1:iKH77koFhYxTK1pcRnkKkqfTogsbg7gZNVY4sRDYZ/4=
github.com/rivo/uniseg v0.2.0/go.mod h1:J6wj4VEh+S6ZtnVlnTBMWIodfgj8LQOQFoIToxlJtxc=
github.com/rivo/uniseg v0.4.7 h1:WUdvkW8uEhrYfLC4ZzdpI2ztxP1I582+49Oc5Mq64VQ=
github.com/rivo/uniseg v0.4.7/go.mod h1:FN3SvrM+Zdj16jyLfmOkMNblXMcoc8DfTHruCPUcx88=
github.com/soniakeys/quant v1.0.0 h1:N1um9ktjbkZVcywBVAAYpZYSHxEfJGzshHCxx/DaI0Y=
github.com/soniakeys/quant v1.0.0/go.mod h1:HI1k023QuVbD4H8i9YdfZP2munIHU4QpjsImz6Y6zds=
github.com/stretchr/testify v1.8.3 h1:RP3t2pwF7cMEbC1dqtB6poj3niw/9gnV4Cjg5oW5gtY=
github.com/stretchr/testify v1.8.3/go.mod h1:sz/lmYIOXD/1dqDmKjjqLyZ2RngseejIcXlSw2iwfAo=
golang.org/x/exp v0.0.0-20250506013437-ce4c2cf36ca6 h1:y5zboxd6LQAqYIhHnB48p0ByQ/GnQx2BE33L8BOHQkI=
golang.org/x/exp v0.0.0-20250506013437-ce4c2cf36ca6/go.mod h1:U6Lno4MTRCDY+Ba7aCcauB9T60gsv5s4ralQzP72ZoQ=
golang.org/x/image v0.27.0 h1:C8gA4oWU/tKkdCfYT6T2u4faJu3MeNS5O8UPWlPF61w=
golang.org/x/image v0.27.0/go.mod h1:xbdrClrAUway1MUTEZDq9mz/UpRwYAkFFNUslZtcB+g=
golang.org/x/sys v0.1.0/go.mod h1:oPkhp1MJrh7nUepCBck5+mAzfO9JrbApNNgaTdGDITg=
golang.org/x/sys v0.33.0 h1:q3i8TbbEz+JRD9ywIRlyRAQbM0qF7hu24q3teo2hbuw=
golang.org/x/sys v0.33.0/go.mod h1:BJP2sWEmIv4KK5OTEluFJCKSidICx8ciO85XgH3Ak8k=
gopkg.in/yaml.v3 v3.0.1 h1:fxVm/GzAzEWqLHuvctI91KS9hhNmmWOoWu0XTYJS7CA=
gopkg.in/yaml.v3 v3.0.1/go.mod h1:K4uyk7z7BCEPqu6E+C64Yfv1cQ7kz7rIZviUmN+EgEM=
